
Microsoft Visual Studio Solution File, Format Version 12.00
# Visual Studio Version 17
VisualStudioVersion = 17.8.34330.188
MinimumVisualStudioVersion = 10.0.40219.1
Project("{9A19103F-16F7-4668-BE54-9A1E7A4F7556}") = "BankingAppV2", "BankingAppV2.csproj", "{5E2B3735-44B8-4528-A5F8-C6F3C8955DAA}"
EndProject
Global
	GlobalSection(SolutionConfigurationPlatforms) = preSolution
		Debug|Any CPU = Debug|Any CPU
		Release|Any CPU = Release|Any CPU
	EndGlobalSection
	GlobalSection(ProjectConfigurationPlatforms) = postSolution
		{5E2B3735-44B8-4528-A5F8-C6F3C8955DAA}.Debug|Any CPU.ActiveCfg = Debug|Any CPU
		{5E2B3735-44B8-4528-A5F8-C6F3C8955DAA}.Debug|Any CPU.Build.0 = Debug|Any CPU
		{5E2B3735-44B8-4528-A5F8-C6F3C8955DAA}.Release|Any CPU.ActiveCfg = Release|Any CPU
		{5E2B3735-44B8-4528-A5F8-C6F3C8955DAA}.Release|Any CPU.Build.0 = Release|Any CPU
	EndGlobalSection
	GlobalSection(SolutionProperties) = preSolution
		HideSolutionNode = FALSE
	EndGlobalSection
	GlobalSection(ExtensibilityGlobals) = postSolution
		SolutionGuid = {2487B24B-68AF-4F2F-B6AF-570FEC9D4794}
	EndGlobalSection
EndGlobal
